
Microsoft Visual Studio Solution File, Format Version 12.00
# Visual Studio Version 17
VisualStudioVersion = 17.10.35013.160
MinimumVisualStudioVersion = 10.0.40219.1
Project("{FAE04EC0-301F-11D3-BF4B-00C04F79EFBC}") = "auto_image_printer", "auto_image_printer.csproj", "{81BAE793-29F1-4594-BC22-F09CC1C5DB6E}"
EndProject
Global
	GlobalSection(SolutionConfigurationPlatforms) = preSolution
		Debug|Any CPU = Debug|Any CPU
		Release|Any CPU = Release|Any CPU
	EndGlobalSection
	GlobalSection(ProjectConfigurationPlatforms) = postSolution
		{81BAE793-29F1-4594-BC22-F09CC1C5DB6E}.Debug|Any CPU.ActiveCfg = Debug|Any CPU
		{81BAE793-29F1-4594-BC22-F09CC1C5DB6E}.Debug|Any CPU.Build.0 = Debug|Any CPU
		{81BAE793-29F1-4594-BC22-F09CC1C5DB6E}.Release|Any CPU.ActiveCfg = Release|Any CPU
		{81BAE793-29F1-4594-BC22-F09CC1C5DB6E}.Release|Any CPU.Build.0 = Release|Any CPU
	EndGlobalSection
	GlobalSection(SolutionProperties) = preSolution
		HideSolutionNode = FALSE
	EndGlobalSection
	GlobalSection(ExtensibilityGlobals) = postSolution
		SolutionGuid = {74E77FD5-0F5A-45CA-9BB2-CF7950F67E2A}
	EndGlobalSection
EndGlobal
